{
  "buildHash": "e5022d640b651a973ed16c5df8fe9350",
  "jsApi": {
    "apiInstances": [],
    "apiAliases": {},
    "apiInterfaces": {},
    "apiNames": {
      "blockModifier": "String -> String -> String",
      "strata": "String -> { e :: String -> String, em :: String -> List String -> String, m :: List String -> String }",
      "blockElement": "String -> String -> String",
      "blockModifiers": "String -> List String -> String",
      "blockElementModifiers": "String -> String -> List String -> String"
    },
    "apiTypes": {}
  },
  "llvmApi": {
    "apiInstances": [],
    "apiAliases": {},
    "apiInterfaces": {},
    "apiNames": {
      "blockModifier": "String -> String -> String",
      "strata": "String -> { e :: String -> String, em :: String -> List String -> String, m :: List String -> String }",
      "blockElement": "String -> String -> String",
      "blockModifiers": "String -> List String -> String",
      "blockElementModifiers": "String -> String -> List String -> String"
    },
    "apiTypes": {}
  },
  "versionHash": "25e64aa754c310d45c1e084d574c1bb0"
}
