{
  "buildHash": "00c783448f5ff6fa42750658c6e1c1d8",
  "jsApi": {
    "apiInstances": [],
    "apiAliases": {},
    "apiInterfaces": {},
    "apiNames": {
      "blockModifier": "String -> String -> String",
      "strata": "String -> { e :: String -> String, em :: String -> List String -> String, m :: List String -> String }",
      "blockElement": "String -> String -> String",
      "blockModifiers": "String -> List String -> String",
      "blockElementModifiers": "String -> String -> List String -> String"
    },
    "apiTypes": {}
  },
  "llvmApi": {
    "apiInstances": [],
    "apiAliases": {},
    "apiInterfaces": {},
    "apiNames": {
      "blockModifier": "String -> String -> String",
      "strata": "String -> { e :: String -> String, em :: String -> List String -> String, m :: List String -> String }",
      "blockElement": "String -> String -> String",
      "blockModifiers": "String -> List String -> String",
      "blockElementModifiers": "String -> String -> List String -> String"
    },
    "apiTypes": {}
  },
  "versionHash": "fbacc30a1f288ebf360ad2de66710082"
}
